
Microsoft Visual Studio Solution File, Format Version 12.00
# Visual Studio Version 17
VisualStudioVersion = 17.0.32112.339
MinimumVisualStudioVersion = 10.0.40219.1
Project("{9A19103F-16F7-4668-BE54-9A1E7A4F7556}") = "DuBot.Net", "DuBot.Net.csproj", "{8E635C4D-9CF6-419D-B8D5-58BD16B09047}"
EndProject
Global
	GlobalSection(SolutionConfigurationPlatforms) = preSolution
		Debug|Any CPU = Debug|Any CPU
		Release|Any CPU = Release|Any CPU
	EndGlobalSection
	GlobalSection(ProjectConfigurationPlatforms) = postSolution
		{8E635C4D-9CF6-419D-B8D5-58BD16B09047}.Debug|Any CPU.ActiveCfg = Debug|Any CPU
		{8E635C4D-9CF6-419D-B8D5-58BD16B09047}.Debug|Any CPU.Build.0 = Debug|Any CPU
		{8E635C4D-9CF6-419D-B8D5-58BD16B09047}.Release|Any CPU.ActiveCfg = Release|Any CPU
		{8E635C4D-9CF6-419D-B8D5-58BD16B09047}.Release|Any CPU.Build.0 = Release|Any CPU
	EndGlobalSection
	GlobalSection(SolutionProperties) = preSolution
		HideSolutionNode = FALSE
	EndGlobalSection
	GlobalSection(ExtensibilityGlobals) = postSolution
		SolutionGuid = {B4FC8603-3196-4C7E-A90B-00834B0552BC}
	EndGlobalSection
EndGlobal
